
Microsoft Visual Studio Solution File, Format Version 12.00
# Visual Studio Version 16
VisualStudioVersion = 16.0.30907.101
MinimumVisualStudioVersion = 10.0.40219.1
Project("{9A19103F-16F7-4668-BE54-9A1E7A4F7556}") = "Blazor by SirTenzin", "Blazor by SirTenzin\Blazor by SirTenzin.csproj", "{D785D00D-98D1-444F-819A-ABC8C68AC761}"
EndProject
Project("{2150E333-8FDC-42A3-9474-1A3956D46DE8}") = "Solution Items", "Solution Items", "{B6DDF4E7-01A4-4FA6-9432-F79D791D5EB6}"
	ProjectSection(SolutionItems) = preProject
		.gitignore = .gitignore
		README.md = README.md
	EndProjectSection
EndProject
Global
	GlobalSection(SolutionConfigurationPlatforms) = preSolution
		Debug|Any CPU = Debug|Any CPU
		Release|Any CPU = Release|Any CPU
	EndGlobalSection
	GlobalSection(ProjectConfigurationPlatforms) = postSolution
		{D785D00D-98D1-444F-819A-ABC8C68AC761}.Debug|Any CPU.ActiveCfg = Debug|Any CPU
		{D785D00D-98D1-444F-819A-ABC8C68AC761}.Debug|Any CPU.Build.0 = Debug|Any CPU
		{D785D00D-98D1-444F-819A-ABC8C68AC761}.Release|Any CPU.ActiveCfg = Release|Any CPU
		{D785D00D-98D1-444F-819A-ABC8C68AC761}.Release|Any CPU.Build.0 = Release|Any CPU
	EndGlobalSection
	GlobalSection(SolutionProperties) = preSolution
		HideSolutionNode = FALSE
	EndGlobalSection
	GlobalSection(ExtensibilityGlobals) = postSolution
		SolutionGuid = {BE57FC79-4300-4FC7-B85D-EF52DCEC20A4}
	EndGlobalSection
EndGlobal
